<?xml version="1.0" encoding="utf-8"?>
<Project ToolsVersion="4.0" xmlns="http://schemas.microsoft.com/developer/msbuild/2003">
  <ItemGroup>
    <Filter Include="Исходные файлы">
      <UniqueIdentifier>{4FC737F1-C7A5-4376-A066-2A32D752A2FF}</UniqueIdentifier>
      <Extensions>cpp;c;cc;cxx;c++;cppm;ixx;def;odl;idl;hpj;bat;asm;asmx</Extensions>
    </Filter>
    <Filter Include="Файлы заголовков">
      <UniqueIdentifier>{93995380-89BD-4b04-88EB-625FBE52EBFB}</UniqueIdentifier>
      <Extensions>h;hh;hpp;hxx;h++;hm;inl;inc;ipp;xsd</Extensions>
    </Filter>
    <Filter Include="Файлы ресурсов">
      <UniqueIdentifier>{67DA6AB6-F800-4c08-8B7A-83BB121AAD01}</UniqueIdentifier>
      <Extensions>rc;ico;cur;bmp;dlg;rc2;rct;bin;rgs;gif;jpg;jpeg;jpe;resx;tiff;tif;png;wav;mfcribbon-ms</Extensions>
    </Filter>
    <Filter Include="helpers">
      <UniqueIdentifier>{bbc035a2-0ccd-43c2-866f-602be71a3366}</UniqueIdentifier>
    </Filter>
    <Filter Include="player">
      <UniqueIdentifier>{b4c259a9-140a-4d2f-b68d-ea9357e4c583}</UniqueIdentifier>
    </Filter>
    <Filter Include="playlist">
      <UniqueIdentifier>{6369ac78-cc9a-4154-83b1-e6ad2ab456f9}</UniqueIdentifier>
    </Filter>
    <Filter Include="track">
      <UniqueIdentifier>{6beb8a20-6d6c-46c8-9c01-4a9c43f4709f}</UniqueIdentifier>
    </Filter>
    <Filter Include="main">
      <UniqueIdentifier>{771ad03b-6ce7-4b60-a8fb-6e8f7e7db1a8}</UniqueIdentifier>
    </Filter>
  </ItemGroup>
  <ItemGroup>
    <ClCompile Include="dialog.cpp">
      <Filter>helpers</Filter>
    </ClCompile>
    <ClCompile Include="player.cpp">
      <Filter>player</Filter>
    </ClCompile>
    <ClCompile Include="playlist.cpp">
      <Filter>playlist</Filter>
    </ClCompile>
    <ClCompile Include="track.cpp">
      <Filter>track</Filter>
    </ClCompile>
    <ClCompile Include="main.cpp">
      <Filter>main</Filter>
    </ClCompile>
  </ItemGroup>
  <ItemGroup>
    <ClInclude Include="dialog.h">
      <Filter>helpers</Filter>
    </ClInclude>
    <ClInclude Include="player.h">
      <Filter>player</Filter>
    </ClInclude>
    <ClInclude Include="playlist.h">
      <Filter>playlist</Filter>
    </ClInclude>
    <ClInclude Include="track.h">
      <Filter>track</Filter>
    </ClInclude>
    <ClInclude Include="main.h">
      <Filter>main</Filter>
    </ClInclude>
  </ItemGroup>
</Project>